// !$*UTF8*$!
{
	archiveVersion = 1;
	classes = {
	};
	objectVersion = 51;
	objects = {

/* Begin PBXBuildFile section */
		45510183AFEC6B64C197D702 /* Pods_Pidgin.framework in Frameworks */ = {isa = PBXBuildFile; fileRef = 890848BD05BB331D25C48BBF /* Pods_Pidgin.framework */; };
		DF0002DD2384B34000654EAC /* ChatInfoViewController.swift in Sources */ = {isa = PBXBuildFile; fileRef = DF0002DC2384B34000654EAC /* ChatInfoViewController.swift */; };
		DF0002DF2385E0CD00654EAC /* EditProfileViewController.swift in Sources */ = {isa = PBXBuildFile; fileRef = DF0002DE2385E0CD00654EAC /* EditProfileViewController.swift */; };
		DF086D8423C4197B00D3CCA0 /* FredokaOne-Regular.otf in Resources */ = {isa = PBXBuildFile; fileRef = DF086D8323C4196700D3CCA0 /* FredokaOne-Regular.otf */; };
		DF209AC523F701DC00E031DB /* UIView.swift in Sources */ = {isa = PBXBuildFile; fileRef = DF209AC423F701DC00E031DB /* UIView.swift */; };
		DF215B082356673700EE67D3 /* SwiftyCamViewControllerDelegate.swift in Sources */ = {isa = PBXBuildFile; fileRef = DF215B012356673700EE67D3 /* SwiftyCamViewControllerDelegate.swift */; };
		DF215B092356673700EE67D3 /* SwiftyCamViewController.swift in Sources */ = {isa = PBXBuildFile; fileRef = DF215B022356673700EE67D3 /* SwiftyCamViewController.swift */; };
		DF215B0B2356673700EE67D3 /* Orientation.swift in Sources */ = {isa = PBXBuildFile; fileRef = DF215B042356673700EE67D3 /* Orientation.swift */; };
		DF215B0C2356673700EE67D3 /* PreviewView.swift in Sources */ = {isa = PBXBuildFile; fileRef = DF215B052356673700EE67D3 /* PreviewView.swift */; };
		DF21A36D2365597E00E39A55 /* ChatViewController.swift in Sources */ = {isa = PBXBuildFile; fileRef = DF21A36C2365597E00E39A55 /* ChatViewController.swift */; };
		DF21A4402365731B00E39A55 /* ResultsTableViewController.swift in Sources */ = {isa = PBXBuildFile; fileRef = DF21A43F2365731B00E39A55 /* ResultsTableViewController.swift */; };
		DF21A442236578C200E39A55 /* SearchUserTableViewCell.swift in Sources */ = {isa = PBXBuildFile; fileRef = DF21A441236578C200E39A55 /* SearchUserTableViewCell.swift */; };
		DF3C1A0E2398138000106964 /* HomeViewController.swift in Sources */ = {isa = PBXBuildFile; fileRef = DF3C1A0D2398138000106964 /* HomeViewController.swift */; };
		DF469B7E237910E400CDB540 /* ProfileViewController.swift in Sources */ = {isa = PBXBuildFile; fileRef = DF469B7D237910E400CDB540 /* ProfileViewController.swift */; };
		DF469B802379FAD300CDB540 /* FollowersHelper.swift in Sources */ = {isa = PBXBuildFile; fileRef = DF469B7F2379FAD300CDB540 /* FollowersHelper.swift */; };
		DF469B84237B47B600CDB540 /* FollowersTableViewController.swift in Sources */ = {isa = PBXBuildFile; fileRef = DF469B83237B47B600CDB540 /* FollowersTableViewController.swift */; };
		DF4BC40C234D8267001AD00D /* ColorsCollectionViewDelegate.swift in Sources */ = {isa = PBXBuildFile; fileRef = DF4BC3E8234D8266001AD00D /* ColorsCollectionViewDelegate.swift */; };
		DF4BC40E234D8267001AD00D /* ViewGestures.swift in Sources */ = {isa = PBXBuildFile; fileRef = DF4BC3EA234D8266001AD00D /* ViewGestures.swift */; };
		DF4BC415234D8267001AD00D /* ARCameraVC.swift in Sources */ = {isa = PBXBuildFile; fileRef = DF4BC3F2234D8266001AD00D /* ARCameraVC.swift */; };
		DF4BC419234D8267001AD00D /* ColorCollectionViewCell.xib in Resources */ = {isa = PBXBuildFile; fileRef = DF4BC3F6234D8266001AD00D /* ColorCollectionViewCell.xib */; };
		DF4BC41B234D8267001AD00D /* Pencil.swift in Sources */ = {isa = PBXBuildFile; fileRef = DF4BC3F8234D8266001AD00D /* Pencil.swift */; };
		DF4BC41D234D8267001AD00D /* Main.storyboard in Resources */ = {isa = PBXBuildFile; fileRef = DF4BC3FB234D8266001AD00D /* Main.storyboard */; };
		DF4BC41F234D8267001AD00D /* UIView+Image.swift in Sources */ = {isa = PBXBuildFile; fileRef = DF4BC3FE234D8266001AD00D /* UIView+Image.swift */; };
		DF4BC420234D8267001AD00D /* UIImageExtensions.swift in Sources */ = {isa = PBXBuildFile; fileRef = DF4BC3FF234D8266001AD00D /* UIImageExtensions.swift */; };
		DF4BC423234D8267001AD00D /* PhotoEditorViewController.swift in Sources */ = {isa = PBXBuildFile; fileRef = DF4BC402234D8266001AD00D /* PhotoEditorViewController.swift */; };
		DF4BC427234D8267001AD00D /* ColorCollectionViewCell.swift in Sources */ = {isa = PBXBuildFile; fileRef = DF4BC406234D8266001AD00D /* ColorCollectionViewCell.swift */; };
		DF4BC428234D8267001AD00D /* GradientView.swift in Sources */ = {isa = PBXBuildFile; fileRef = DF4BC407234D8266001AD00D /* GradientView.swift */; };
		DF4BC429234D8267001AD00D /* UIImageViewExtensions.swift in Sources */ = {isa = PBXBuildFile; fileRef = DF4BC408234D8266001AD00D /* UIImageViewExtensions.swift */; };
		DF4BC42C234D8267001AD00D /* PhotoEditor.storyboard in Resources */ = {isa = PBXBuildFile; fileRef = DF4BC40B234D8266001AD00D /* PhotoEditor.storyboard */; };
		DF4F7A18234C23A3001D6CE8 /* LaunchScreen.storyboard in Resources */ = {isa = PBXBuildFile; fileRef = DF4F7A16234C23A3001D6CE8 /* LaunchScreen.storyboard */; };
		DF562A3323BE3E9F00CC43D3 /* Comment.swift in Sources */ = {isa = PBXBuildFile; fileRef = DF562A3223BE3E9F00CC43D3 /* Comment.swift */; };
		DF5A223323D5F35D00BA053F /* ReAuthenticationViewController.swift in Sources */ = {isa = PBXBuildFile; fileRef = DF5A223223D5F35D00BA053F /* ReAuthenticationViewController.swift */; };
		DF5A223523D5FAF000BA053F /* ChangePasswordViewController.swift in Sources */ = {isa = PBXBuildFile; fileRef = DF5A223423D5FAF000BA053F /* ChangePasswordViewController.swift */; };
		DF5A223723D67F8200BA053F /* ForgotPasswordViewController.swift in Sources */ = {isa = PBXBuildFile; fileRef = DF5A223623D67F8200BA053F /* ForgotPasswordViewController.swift */; };
		DF5A223923D67FBC00BA053F /* PasswordResetEmailViewController.swift in Sources */ = {isa = PBXBuildFile; fileRef = DF5A223823D67FBC00BA053F /* PasswordResetEmailViewController.swift */; };
		DF5CCF3B2360D21B005439BB /* Login.storyboard in Resources */ = {isa = PBXBuildFile; fileRef = DF5CCF3A2360D21B005439BB /* Login.storyboard */; };
		DF661A3C238B12880042B7AD /* WebViewController.swift in Sources */ = {isa = PBXBuildFile; fileRef = DF661A3B238B12880042B7AD /* WebViewController.swift */; };
		DF661AFC23F8CBE3006702C7 /* Relationship.swift in Sources */ = {isa = PBXBuildFile; fileRef = DF661AFB23F8CBE3006702C7 /* Relationship.swift */; };
		DF6A20AE23B1EF0400949CED /* VideoHelper.swift in Sources */ = {isa = PBXBuildFile; fileRef = DF6A20AD23B1EF0400949CED /* VideoHelper.swift */; };
		DF70721623C68D3400F00DF0 /* SignUpViewController.swift in Sources */ = {isa = PBXBuildFile; fileRef = DF70721523C68D3400F00DF0 /* SignUpViewController.swift */; };
		DF70721823C695A500F00DF0 /* UsernameViewController.swift in Sources */ = {isa = PBXBuildFile; fileRef = DF70721723C695A500F00DF0 /* UsernameViewController.swift */; };
		DF73728A23C1899D003ED359 /* CommentsViewController.swift in Sources */ = {isa = PBXBuildFile; fileRef = DF73728923C1899D003ED359 /* CommentsViewController.swift */; };
		DF7D0ABB23B7083600B33E40 /* Discover.storyboard in Resources */ = {isa = PBXBuildFile; fileRef = DF7D0ABA23B7083500B33E40 /* Discover.storyboard */; };
		DF7D0ABD23B7104900B33E40 /* ExploreViewController.swift in Sources */ = {isa = PBXBuildFile; fileRef = DF7D0ABC23B7104900B33E40 /* ExploreViewController.swift */; };
		DF7D0ABF23B711F500B33E40 /* FollowingViewController.swift in Sources */ = {isa = PBXBuildFile; fileRef = DF7D0ABE23B711F500B33E40 /* FollowingViewController.swift */; };
		DF7D0AC123B8278E00B33E40 /* ExploreCollectionViewCell.swift in Sources */ = {isa = PBXBuildFile; fileRef = DF7D0AC023B8278E00B33E40 /* ExploreCollectionViewCell.swift */; };
		DF7D0AC323B83ABE00B33E40 /* Post.swift in Sources */ = {isa = PBXBuildFile; fileRef = DF7D0AC223B83ABE00B33E40 /* Post.swift */; };
		DF7D0AC523B83D9A00B33E40 /* DatabaseRepresentation.swift in Sources */ = {isa = PBXBuildFile; fileRef = DF7D0AC423B83D9A00B33E40 /* DatabaseRepresentation.swift */; };
		DF7D0AC923B9B63900B33E40 /* FollowingCollectionViewCell.swift in Sources */ = {isa = PBXBuildFile; fileRef = DF7D0AC823B9B63900B33E40 /* FollowingCollectionViewCell.swift */; };
		DF7D0ACB23BA3AAF00B33E40 /* PostViewController.swift in Sources */ = {isa = PBXBuildFile; fileRef = DF7D0ACA23BA3AAF00B33E40 /* PostViewController.swift */; };
		DF9510122360D945006B3B44 /* Account.swift in Sources */ = {isa = PBXBuildFile; fileRef = DF9510112360D945006B3B44 /* Account.swift */; };
		DF9510162360DAB4006B3B44 /* LoginViewController.swift in Sources */ = {isa = PBXBuildFile; fileRef = DF9510152360DAB4006B3B44 /* LoginViewController.swift */; };
		DF9510182360DAC2006B3B44 /* WelcomeViewController.swift in Sources */ = {isa = PBXBuildFile; fileRef = DF9510172360DAC2006B3B44 /* WelcomeViewController.swift */; };
		DF95101C2360DBC1006B3B44 /* GoogleService-Info.plist in Resources */ = {isa = PBXBuildFile; fileRef = DF95101B2360DBC1006B3B44 /* GoogleService-Info.plist */; };
		DF95102A2360E06E006B3B44 /* Assets.xcassets in Resources */ = {isa = PBXBuildFile; fileRef = DF9510292360E06E006B3B44 /* Assets.xcassets */; };
		DF95103C23624402006B3B44 /* Settings.storyboard in Resources */ = {isa = PBXBuildFile; fileRef = DF95103B23624402006B3B44 /* Settings.storyboard */; };
		DF95103E236244D8006B3B44 /* SettingsTableViewController.swift in Sources */ = {isa = PBXBuildFile; fileRef = DF95103D236244D8006B3B44 /* SettingsTableViewController.swift */; };
		DF9E597E23CFEE4D004666DD /* ProfilePicture.swift in Sources */ = {isa = PBXBuildFile; fileRef = DF9E597D23CFEE4D004666DD /* ProfilePicture.swift */; };
		DF9E598023D14A72004666DD /* VideoIcon.swift in Sources */ = {isa = PBXBuildFile; fileRef = DF9E597F23D14A72004666DD /* VideoIcon.swift */; };
		DFADF6FC2357F23F00383627 /* CameraVC.swift in Sources */ = {isa = PBXBuildFile; fileRef = DFADF6FB2357F23F00383627 /* CameraVC.swift */; };
		DFC30E0323C7F104000704EC /* PlayerContainerView.swift in Sources */ = {isa = PBXBuildFile; fileRef = DFC30E0223C7F104000704EC /* PlayerContainerView.swift */; };
		DFD10ED6234EE72C002616B4 /* AppDelegate.swift in Sources */ = {isa = PBXBuildFile; fileRef = DFD10ED5234EE72C002616B4 /* AppDelegate.swift */; };
		DFDCA0A523C93D7700240CE7 /* VideoManager.swift in Sources */ = {isa = PBXBuildFile; fileRef = DFDCA0A423C93D7700240CE7 /* VideoManager.swift */; };
		DFDCA760237FB53D0045A351 /* CreateGroupViewController.swift in Sources */ = {isa = PBXBuildFile; fileRef = DFDCA75F237FB53D0045A351 /* CreateGroupViewController.swift */; };
		DFDD9EB5234FBC03007A3177 /* SearchCollectionViewCell.swift in Sources */ = {isa = PBXBuildFile; fileRef = DFDD9EB4234FBC03007A3177 /* SearchCollectionViewCell.swift */; };
		DFDD9ECE234FDD5D007A3177 /* VirtualFaceContent.swift in Sources */ = {isa = PBXBuildFile; fileRef = DFDD9ECB234FDD5D007A3177 /* VirtualFaceContent.swift */; };
		DFDD9ECF234FDD5D007A3177 /* RemoteFaceFilter.swift in Sources */ = {isa = PBXBuildFile; fileRef = DFDD9ECC234FDD5D007A3177 /* RemoteFaceFilter.swift */; };
		DFDD9ED0234FDD5D007A3177 /* VirtualContentUpdater.swift in Sources */ = {isa = PBXBuildFile; fileRef = DFDD9ECD234FDD5D007A3177 /* VirtualContentUpdater.swift */; };
		DFDE080E234D23880017BFDA /* DiscoverViewController.swift in Sources */ = {isa = PBXBuildFile; fileRef = DFDE080D234D23880017BFDA /* DiscoverViewController.swift */; };
		DFDE0815234D248E0017BFDA /* ChannelsViewController.swift in Sources */ = {isa = PBXBuildFile; fileRef = DFDE0814234D248E0017BFDA /* ChannelsViewController.swift */; };
		DFDE0817234D292D0017BFDA /* TabBarController.swift in Sources */ = {isa = PBXBuildFile; fileRef = DFDE0816234D292D0017BFDA /* TabBarController.swift */; };
		DFE792C223B65100003F2456 /* RecordingButton.swift in Sources */ = {isa = PBXBuildFile; fileRef = DFE792C123B650FF003F2456 /* RecordingButton.swift */; };
		DFEB2929236DAF7C006FC6BB /* PushNotificationManager.swift in Sources */ = {isa = PBXBuildFile; fileRef = DFEB2928236DAF7C006FC6BB /* PushNotificationManager.swift */; };
		DFEE6F44239BA9030097EA52 /* ProgressHUD.bundle in Resources */ = {isa = PBXBuildFile; fileRef = DFEE6F41239BA8FC0097EA52 /* ProgressHUD.bundle */; };
		DFEE6F45239BA9030097EA52 /* ProgressHUD.m in Sources */ = {isa = PBXBuildFile; fileRef = DFEE6F42239BA8FF0097EA52 /* ProgressHUD.m */; };
		DFEFCABD23F3406F00397091 /* ReplyHeaderViewController.swift in Sources */ = {isa = PBXBuildFile; fileRef = DFEFCABC23F3406F00397091 /* ReplyHeaderViewController.swift */; };
		DFEFCAC123F38A9D00397091 /* UIViewController.swift in Sources */ = {isa = PBXBuildFile; fileRef = DFEFCAC023F38A9D00397091 /* UIViewController.swift */; };
		DFEFCAC323F38B9800397091 /* Character.swift in Sources */ = {isa = PBXBuildFile; fileRef = DFEFCAC223F38B9800397091 /* Character.swift */; };
		DFEFCAC523F38BB300397091 /* String.swift in Sources */ = {isa = PBXBuildFile; fileRef = DFEFCAC423F38BB300397091 /* String.swift */; };
		DFEFCAC723F38BF700397091 /* BackGradientView.swift in Sources */ = {isa = PBXBuildFile; fileRef = DFEFCAC623F38BF700397091 /* BackGradientView.swift */; };
		DFEFCAC923F38C5B00397091 /* Date.swift in Sources */ = {isa = PBXBuildFile; fileRef = DFEFCAC823F38C5B00397091 /* Date.swift */; };
		DFEFCACB23F38CB000397091 /* CustomBannerColors.swift in Sources */ = {isa = PBXBuildFile; fileRef = DFEFCACA23F38CB000397091 /* CustomBannerColors.swift */; };
		DFF084FB23AF3A3F00C4E2FD /* SendToUserViewController.swift in Sources */ = {isa = PBXBuildFile; fileRef = DFF084FA23AF3A3F00C4E2FD /* SendToUserViewController.swift */; };
		DFF346262367A3FF006AA467 /* Channel.swift in Sources */ = {isa = PBXBuildFile; fileRef = DFF346232367A3FC006AA467 /* Channel.swift */; };
		DFF346292367AE0D006AA467 /* Message.swift in Sources */ = {isa = PBXBuildFile; fileRef = DFF346282367AE0D006AA467 /* Message.swift */; };
		DFF3462B2367B002006AA467 /* ChannelTableViewCell.swift in Sources */ = {isa = PBXBuildFile; fileRef = DFF3462A2367B002006AA467 /* ChannelTableViewCell.swift */; };
		DFF3DBD123DD066F00557BC8 /* CommentsTableViewCell.swift in Sources */ = {isa = PBXBuildFile; fileRef = DFF3DBD023DD066F00557BC8 /* CommentsTableViewCell.swift */; };
		DFF3DBD323DD163200557BC8 /* CommentsSectionViewController.swift in Sources */ = {isa = PBXBuildFile; fileRef = DFF3DBD223DD163200557BC8 /* CommentsSectionViewController.swift */; };
/* End PBXBuildFile section */

/* Begin PBXFileReference section */
		7D0CEA3B5CC250732F49DF24 /* Pods-Pidgin.release.xcconfig */ = {isa = PBXFileReference; includeInIndex = 1; lastKnownFileType = text.xcconfig; name = "Pods-Pidgin.release.xcconfig"; path = "Target Support Files/Pods-Pidgin/Pods-Pidgin.release.xcconfig"; sourceTree = "<group>"; };
		890848BD05BB331D25C48BBF /* Pods_Pidgin.framework */ = {isa = PBXFileReference; explicitFileType = wrapper.framework; includeInIndex = 0; path = Pods_Pidgin.framework; sourceTree = BUILT_PRODUCTS_DIR; };
		975932F6AC981DA2C7602780 /* Pods-Pidgin.debug.xcconfig */ = {isa = PBXFileReference; includeInIndex = 1; lastKnownFileType = text.xcconfig; name = "Pods-Pidgin.debug.xcconfig"; path = "Target Support Files/Pods-Pidgin/Pods-Pidgin.debug.xcconfig"; sourceTree = "<group>"; };
		DF0002DC2384B34000654EAC /* ChatInfoViewController.swift */ = {isa = PBXFileReference; lastKnownFileType = sourcecode.swift; path = ChatInfoViewController.swift; sourceTree = "<group>"; };
		DF0002DE2385E0CD00654EAC /* EditProfileViewController.swift */ = {isa = PBXFileReference; lastKnownFileType = sourcecode.swift; path = EditProfileViewController.swift; sourceTree = "<group>"; };
		DF086D8323C4196700D3CCA0 /* FredokaOne-Regular.otf */ = {isa = PBXFileReference; lastKnownFileType = file; path = "FredokaOne-Regular.otf"; sourceTree = "<group>"; };
		DF209AC423F701DC00E031DB /* UIView.swift */ = {isa = PBXFileReference; lastKnownFileType = sourcecode.swift; path = UIView.swift; sourceTree = "<group>"; };
		DF215B012356673700EE67D3 /* SwiftyCamViewControllerDelegate.swift */ = {isa = PBXFileReference; fileEncoding = 4; lastKnownFileType = sourcecode.swift; path = SwiftyCamViewControllerDelegate.swift; sourceTree = "<group>"; };
		DF215B022356673700EE67D3 /* SwiftyCamViewController.swift */ = {isa = PBXFileReference; fileEncoding = 4; lastKnownFileType = sourcecode.swift; path = SwiftyCamViewController.swift; sourceTree = "<group>"; };
		DF215B042356673700EE67D3 /* Orientation.swift */ = {isa = PBXFileReference; fileEncoding = 4; lastKnownFileType = sourcecode.swift; path = Orientation.swift; sourceTree = "<group>"; };
		DF215B052356673700EE67D3 /* PreviewView.swift */ = {isa = PBXFileReference; fileEncoding = 4; lastKnownFileType = sourcecode.swift; path = PreviewView.swift; sourceTree = "<group>"; };
		DF21A36C2365597E00E39A55 /* ChatViewController.swift */ = {isa = PBXFileReference; lastKnownFileType = sourcecode.swift; path = ChatViewController.swift; sourceTree = "<group>"; };
		DF21A43F2365731B00E39A55 /* ResultsTableViewController.swift */ = {isa = PBXFileReference; lastKnownFileType = sourcecode.swift; path = ResultsTableViewController.swift; sourceTree = "<group>"; };
		DF21A441236578C200E39A55 /* SearchUserTableViewCell.swift */ = {isa = PBXFileReference; lastKnownFileType = sourcecode.swift; path = SearchUserTableViewCell.swift; sourceTree = "<group>"; };
		DF3C1A0D2398138000106964 /* HomeViewController.swift */ = {isa = PBXFileReference; lastKnownFileType = sourcecode.swift; path = HomeViewController.swift; sourceTree = "<group>"; };
		DF469B7D237910E400CDB540 /* ProfileViewController.swift */ = {isa = PBXFileReference; lastKnownFileType = sourcecode.swift; path = ProfileViewController.swift; sourceTree = "<group>"; };
		DF469B7F2379FAD300CDB540 /* FollowersHelper.swift */ = {isa = PBXFileReference; lastKnownFileType = sourcecode.swift; path = FollowersHelper.swift; sourceTree = "<group>"; };
		DF469B83237B47B600CDB540 /* FollowersTableViewController.swift */ = {isa = PBXFileReference; lastKnownFileType = sourcecode.swift; path = FollowersTableViewController.swift; sourceTree = "<group>"; };
		DF4BC3E8234D8266001AD00D /* ColorsCollectionViewDelegate.swift */ = {isa = PBXFileReference; fileEncoding = 4; lastKnownFileType = sourcecode.swift; path = ColorsCollectionViewDelegate.swift; sourceTree = "<group>"; };
		DF4BC3EA234D8266001AD00D /* ViewGestures.swift */ = {isa = PBXFileReference; fileEncoding = 4; lastKnownFileType = sourcecode.swift; path = ViewGestures.swift; sourceTree = "<group>"; };
		DF4BC3F2234D8266001AD00D /* ARCameraVC.swift */ = {isa = PBXFileReference; fileEncoding = 4; lastKnownFileType = sourcecode.swift; path = ARCameraVC.swift; sourceTree = "<group>"; };
		DF4BC3F6234D8266001AD00D /* ColorCollectionViewCell.xib */ = {isa = PBXFileReference; fileEncoding = 4; lastKnownFileType = file.xib; path = ColorCollectionViewCell.xib; sourceTree = "<group>"; };
		DF4BC3F8234D8266001AD00D /* Pencil.swift */ = {isa = PBXFileReference; fileEncoding = 4; lastKnownFileType = sourcecode.swift; path = Pencil.swift; sourceTree = "<group>"; };
		DF4BC3FC234D8266001AD00D /* Base */ = {isa = PBXFileReference; lastKnownFileType = file.storyboard; name = Base; path = Base.lproj/Main.storyboard; sourceTree = "<group>"; };
		DF4BC3FE234D8266001AD00D /* UIView+Image.swift */ = {isa = PBXFileReference; fileEncoding = 4; lastKnownFileType = sourcecode.swift; path = "UIView+Image.swift"; sourceTree = "<group>"; };
		DF4BC3FF234D8266001AD00D /* UIImageExtensions.swift */ = {isa = PBXFileReference; fileEncoding = 4; lastKnownFileType = sourcecode.swift; path = UIImageExtensions.swift; sourceTree = "<group>"; };
		DF4BC402234D8266001AD00D /* PhotoEditorViewController.swift */ = {isa = PBXFileReference; fileEncoding = 4; lastKnownFileType = sourcecode.swift; path = PhotoEditorViewController.swift; sourceTree = "<group>"; };
		DF4BC406234D8266001AD00D /* ColorCollectionViewCell.swift */ = {isa = PBXFileReference; fileEncoding = 4; lastKnownFileType = sourcecode.swift; path = ColorCollectionViewCell.swift; sourceTree = "<group>"; };
		DF4BC407234D8266001AD00D /* GradientView.swift */ = {isa = PBXFileReference; fileEncoding = 4; lastKnownFileType = sourcecode.swift; path = GradientView.swift; sourceTree = "<group>"; };
		DF4BC408234D8266001AD00D /* UIImageViewExtensions.swift */ = {isa = PBXFileReference; fileEncoding = 4; lastKnownFileType = sourcecode.swift; path = UIImageViewExtensions.swift; sourceTree = "<group>"; };
		DF4BC40B234D8266001AD00D /* PhotoEditor.storyboard */ = {isa = PBXFileReference; fileEncoding = 4; lastKnownFileType = file.storyboard; path = PhotoEditor.storyboard; sourceTree = "<group>"; };
		DF4F7A08234C239A001D6CE8 /* Mutuel.app */ = {isa = PBXFileReference; explicitFileType = wrapper.application; includeInIndex = 0; path = Mutuel.app; sourceTree = BUILT_PRODUCTS_DIR; };
		DF4F7A17234C23A3001D6CE8 /* Base */ = {isa = PBXFileReference; lastKnownFileType = file.storyboard; name = Base; path = Base.lproj/LaunchScreen.storyboard; sourceTree = "<group>"; };
		DF4F7A19234C23A3001D6CE8 /* Info.plist */ = {isa = PBXFileReference; lastKnownFileType = text.plist.xml; path = Info.plist; sourceTree = "<group>"; };
		DF562A3223BE3E9F00CC43D3 /* Comment.swift */ = {isa = PBXFileReference; lastKnownFileType = sourcecode.swift; path = Comment.swift; sourceTree = "<group>"; };
		DF5A223223D5F35D00BA053F /* ReAuthenticationViewController.swift */ = {isa = PBXFileReference; lastKnownFileType = sourcecode.swift; path = ReAuthenticationViewController.swift; sourceTree = "<group>"; };
		DF5A223423D5FAF000BA053F /* ChangePasswordViewController.swift */ = {isa = PBXFileReference; lastKnownFileType = sourcecode.swift; path = ChangePasswordViewController.swift; sourceTree = "<group>"; };
		DF5A223623D67F8200BA053F /* ForgotPasswordViewController.swift */ = {isa = PBXFileReference; lastKnownFileType = sourcecode.swift; path = ForgotPasswordViewController.swift; sourceTree = "<group>"; };
		DF5A223823D67FBC00BA053F /* PasswordResetEmailViewController.swift */ = {isa = PBXFileReference; lastKnownFileType = sourcecode.swift; path = PasswordResetEmailViewController.swift; sourceTree = "<group>"; };
		DF5CCF3A2360D21B005439BB /* Login.storyboard */ = {isa = PBXFileReference; lastKnownFileType = file.storyboard; path = Login.storyboard; sourceTree = "<group>"; };
		DF661A3B238B12880042B7AD /* WebViewController.swift */ = {isa = PBXFileReference; lastKnownFileType = sourcecode.swift; path = WebViewController.swift; sourceTree = "<group>"; };
		DF661AFB23F8CBE3006702C7 /* Relationship.swift */ = {isa = PBXFileReference; lastKnownFileType = sourcecode.swift; path = Relationship.swift; sourceTree = "<group>"; };
		DF6A20AD23B1EF0400949CED /* VideoHelper.swift */ = {isa = PBXFileReference; lastKnownFileType = sourcecode.swift; path = VideoHelper.swift; sourceTree = "<group>"; };
		DF70721523C68D3400F00DF0 /* SignUpViewController.swift */ = {isa = PBXFileReference; lastKnownFileType = sourcecode.swift; path = SignUpViewController.swift; sourceTree = "<group>"; };
		DF70721723C695A500F00DF0 /* UsernameViewController.swift */ = {isa = PBXFileReference; lastKnownFileType = sourcecode.swift; path = UsernameViewController.swift; sourceTree = "<group>"; };
		DF73728923C1899D003ED359 /* CommentsViewController.swift */ = {isa = PBXFileReference; lastKnownFileType = sourcecode.swift; path = CommentsViewController.swift; sourceTree = "<group>"; };
		DF7D0ABA23B7083500B33E40 /* Discover.storyboard */ = {isa = PBXFileReference; lastKnownFileType = file.storyboard; path = Discover.storyboard; sourceTree = "<group>"; };
		DF7D0ABC23B7104900B33E40 /* ExploreViewController.swift */ = {isa = PBXFileReference; lastKnownFileType = sourcecode.swift; path = ExploreViewController.swift; sourceTree = "<group>"; };
		DF7D0ABE23B711F500B33E40 /* FollowingViewController.swift */ = {isa = PBXFileReference; lastKnownFileType = sourcecode.swift; path = FollowingViewController.swift; sourceTree = "<group>"; };
		DF7D0AC023B8278E00B33E40 /* ExploreCollectionViewCell.swift */ = {isa = PBXFileReference; lastKnownFileType = sourcecode.swift; path = ExploreCollectionViewCell.swift; sourceTree = "<group>"; };
		DF7D0AC223B83ABE00B33E40 /* Post.swift */ = {isa = PBXFileReference; lastKnownFileType = sourcecode.swift; path = Post.swift; sourceTree = "<group>"; };
		DF7D0AC423B83D9A00B33E40 /* DatabaseRepresentation.swift */ = {isa = PBXFileReference; lastKnownFileType = sourcecode.swift; path = DatabaseRepresentation.swift; sourceTree = "<group>"; };
		DF7D0AC823B9B63900B33E40 /* FollowingCollectionViewCell.swift */ = {isa = PBXFileReference; lastKnownFileType = sourcecode.swift; path = FollowingCollectionViewCell.swift; sourceTree = "<group>"; };
		DF7D0ACA23BA3AAF00B33E40 /* PostViewController.swift */ = {isa = PBXFileReference; lastKnownFileType = sourcecode.swift; path = PostViewController.swift; sourceTree = "<group>"; };
		DF9510112360D945006B3B44 /* Account.swift */ = {isa = PBXFileReference; lastKnownFileType = sourcecode.swift; path = Account.swift; sourceTree = "<group>"; };
		DF9510152360DAB4006B3B44 /* LoginViewController.swift */ = {isa = PBXFileReference; lastKnownFileType = sourcecode.swift; path = LoginViewController.swift; sourceTree = "<group>"; };
		DF9510172360DAC2006B3B44 /* WelcomeViewController.swift */ = {isa = PBXFileReference; lastKnownFileType = sourcecode.swift; path = WelcomeViewController.swift; sourceTree = "<group>"; };
		DF95101B2360DBC1006B3B44 /* GoogleService-Info.plist */ = {isa = PBXFileReference; fileEncoding = 4; lastKnownFileType = text.plist.xml; path = "GoogleService-Info.plist"; sourceTree = "<group>"; };
		DF9510292360E06E006B3B44 /* Assets.xcassets */ = {isa = PBXFileReference; lastKnownFileType = folder.assetcatalog; path = Assets.xcassets; sourceTree = "<group>"; };
		DF95103B23624402006B3B44 /* Settings.storyboard */ = {isa = PBXFileReference; lastKnownFileType = file.storyboard; path = Settings.storyboard; sourceTree = "<group>"; };
		DF95103D236244D8006B3B44 /* SettingsTableViewController.swift */ = {isa = PBXFileReference; lastKnownFileType = sourcecode.swift; path = SettingsTableViewController.swift; sourceTree = "<group>"; };
		DF9E597D23CFEE4D004666DD /* ProfilePicture.swift */ = {isa = PBXFileReference; lastKnownFileType = sourcecode.swift; path = ProfilePicture.swift; sourceTree = "<group>"; };
		DF9E597F23D14A72004666DD /* VideoIcon.swift */ = {isa = PBXFileReference; lastKnownFileType = sourcecode.swift; path = VideoIcon.swift; sourceTree = "<group>"; };
		DFADF6FB2357F23F00383627 /* CameraVC.swift */ = {isa = PBXFileReference; fileEncoding = 4; lastKnownFileType = sourcecode.swift; path = CameraVC.swift; sourceTree = "<group>"; };
		DFC30E0223C7F104000704EC /* PlayerContainerView.swift */ = {isa = PBXFileReference; lastKnownFileType = sourcecode.swift; path = PlayerContainerView.swift; sourceTree = "<group>"; };
		DFD10ED5234EE72C002616B4 /* AppDelegate.swift */ = {isa = PBXFileReference; fileEncoding = 4; lastKnownFileType = sourcecode.swift; path = AppDelegate.swift; sourceTree = "<group>"; };
		DFDCA0A423C93D7700240CE7 /* VideoManager.swift */ = {isa = PBXFileReference; lastKnownFileType = sourcecode.swift; path = VideoManager.swift; sourceTree = "<group>"; };
		DFDCA75F237FB53D0045A351 /* CreateGroupViewController.swift */ = {isa = PBXFileReference; lastKnownFileType = sourcecode.swift; path = CreateGroupViewController.swift; sourceTree = "<group>"; };
		DFDD9EB4234FBC03007A3177 /* SearchCollectionViewCell.swift */ = {isa = PBXFileReference; lastKnownFileType = sourcecode.swift; path = SearchCollectionViewCell.swift; sourceTree = "<group>"; };
		DFDD9ECB234FDD5D007A3177 /* VirtualFaceContent.swift */ = {isa = PBXFileReference; fileEncoding = 4; lastKnownFileType = sourcecode.swift; path = VirtualFaceContent.swift; sourceTree = "<group>"; };
		DFDD9ECC234FDD5D007A3177 /* RemoteFaceFilter.swift */ = {isa = PBXFileReference; fileEncoding = 4; lastKnownFileType = sourcecode.swift; path = RemoteFaceFilter.swift; sourceTree = "<group>"; };
		DFDD9ECD234FDD5D007A3177 /* VirtualContentUpdater.swift */ = {isa = PBXFileReference; fileEncoding = 4; lastKnownFileType = sourcecode.swift; path = VirtualContentUpdater.swift; sourceTree = "<group>"; };
		DFDE080D234D23880017BFDA /* DiscoverViewController.swift */ = {isa = PBXFileReference; lastKnownFileType = sourcecode.swift; path = DiscoverViewController.swift; sourceTree = "<group>"; };
		DFDE0814234D248E0017BFDA /* ChannelsViewController.swift */ = {isa = PBXFileReference; lastKnownFileType = sourcecode.swift; path = ChannelsViewController.swift; sourceTree = "<group>"; };
		DFDE0816234D292D0017BFDA /* TabBarController.swift */ = {isa = PBXFileReference; lastKnownFileType = sourcecode.swift; path = TabBarController.swift; sourceTree = "<group>"; };
		DFE792C123B650FF003F2456 /* RecordingButton.swift */ = {isa = PBXFileReference; fileEncoding = 4; lastKnownFileType = sourcecode.swift; path = RecordingButton.swift; sourceTree = "<group>"; };
		DFEB2928236DAF7C006FC6BB /* PushNotificationManager.swift */ = {isa = PBXFileReference; lastKnownFileType = sourcecode.swift; path = PushNotificationManager.swift; sourceTree = "<group>"; };
		DFEB292A236DB082006FC6BB /* Pidgin.entitlements */ = {isa = PBXFileReference; lastKnownFileType = text.plist.entitlements; path = Pidgin.entitlements; sourceTree = "<group>"; };
		DFEE6F40239BA8FA0097EA52 /* ProgressHUD.h */ = {isa = PBXFileReference; fileEncoding = 4; lastKnownFileType = sourcecode.c.h; path = ProgressHUD.h; sourceTree = "<group>"; };
		DFEE6F41239BA8FC0097EA52 /* ProgressHUD.bundle */ = {isa = PBXFileReference; lastKnownFileType = "wrapper.plug-in"; path = ProgressHUD.bundle; sourceTree = "<group>"; };
		DFEE6F42239BA8FF0097EA52 /* ProgressHUD.m */ = {isa = PBXFileReference; fileEncoding = 4; lastKnownFileType = sourcecode.c.objc; path = ProgressHUD.m; sourceTree = "<group>"; };
		DFEE6F43239BA9020097EA52 /* Pidgin-Bridging-Header.h */ = {isa = PBXFileReference; fileEncoding = 4; lastKnownFileType = sourcecode.c.h; path = "Pidgin-Bridging-Header.h"; sourceTree = "<group>"; };
		DFEFCABC23F3406F00397091 /* ReplyHeaderViewController.swift */ = {isa = PBXFileReference; lastKnownFileType = sourcecode.swift; path = ReplyHeaderViewController.swift; sourceTree = "<group>"; };
		DFEFCAC023F38A9D00397091 /* UIViewController.swift */ = {isa = PBXFileReference; lastKnownFileType = sourcecode.swift; path = UIViewController.swift; sourceTree = "<group>"; };
		DFEFCAC223F38B9800397091 /* Character.swift */ = {isa = PBXFileReference; lastKnownFileType = sourcecode.swift; path = Character.swift; sourceTree = "<group>"; };
		DFEFCAC423F38BB300397091 /* String.swift */ = {isa = PBXFileReference; lastKnownFileType = sourcecode.swift; path = String.swift; sourceTree = "<group>"; };
		DFEFCAC623F38BF700397091 /* BackGradientView.swift */ = {isa = PBXFileReference; lastKnownFileType = sourcecode.swift; path = BackGradientView.swift; sourceTree = "<group>"; };
		DFEFCAC823F38C5B00397091 /* Date.swift */ = {isa = PBXFileReference; lastKnownFileType = sourcecode.swift; path = Date.swift; sourceTree = "<group>"; };
		DFEFCACA23F38CB000397091 /* CustomBannerColors.swift */ = {isa = PBXFileReference; lastKnownFileType = sourcecode.swift; path = CustomBannerColors.swift; sourceTree = "<group>"; };
		DFF084FA23AF3A3F00C4E2FD /* SendToUserViewController.swift */ = {isa = PBXFileReference; lastKnownFileType = sourcecode.swift; path = SendToUserViewController.swift; sourceTree = "<group>"; };
		DFF346232367A3FC006AA467 /* Channel.swift */ = {isa = PBXFileReference; fileEncoding = 4; lastKnownFileType = sourcecode.swift; path = Channel.swift; sourceTree = "<group>"; };
		DFF346282367AE0D006AA467 /* Message.swift */ = {isa = PBXFileReference; lastKnownFileType = sourcecode.swift; path = Message.swift; sourceTree = "<group>"; };
		DFF3462A2367B002006AA467 /* ChannelTableViewCell.swift */ = {isa = PBXFileReference; lastKnownFileType = sourcecode.swift; path = ChannelTableViewCell.swift; sourceTree = "<group>"; };
		DFF3DBD023DD066F00557BC8 /* CommentsTableViewCell.swift */ = {isa = PBXFileReference; lastKnownFileType = sourcecode.swift; path = CommentsTableViewCell.swift; sourceTree = "<group>"; };
		DFF3DBD223DD163200557BC8 /* CommentsSectionViewController.swift */ = {isa = PBXFileReference; lastKnownFileType = sourcecode.swift; path = CommentsSectionViewController.swift; sourceTree = "<group>"; };
/* End PBXFileReference section */

/* Begin PBXFrameworksBuildPhase section */
		DF4F7A05234C239A001D6CE8 /* Frameworks */ = {
			isa = PBXFrameworksBuildPhase;
			buildActionMask = 2147483647;
			files = (
				45510183AFEC6B64C197D702 /* Pods_Pidgin.framework in Frameworks */,
			);
			runOnlyForDeploymentPostprocessing = 0;
		};
/* End PBXFrameworksBuildPhase section */

/* Begin PBXGroup section */
		194CD2C9A505A50F8E73B478 /* Pods */ = {
			isa = PBXGroup;
			children = (
				975932F6AC981DA2C7602780 /* Pods-Pidgin.debug.xcconfig */,
				7D0CEA3B5CC250732F49DF24 /* Pods-Pidgin.release.xcconfig */,
			);
			path = Pods;
			sourceTree = "<group>";
		};
		DF086D8023C4191300D3CCA0 /* Fonts */ = {
			isa = PBXGroup;
			children = (
				DF086D8323C4196700D3CCA0 /* FredokaOne-Regular.otf */,
			);
			path = Fonts;
			sourceTree = "<group>";
		};
		DF3D2D1F239EE7E000A9286A /* Helpers */ = {
			isa = PBXGroup;
			children = (
				DFEB2928236DAF7C006FC6BB /* PushNotificationManager.swift */,
				DF469B7F2379FAD300CDB540 /* FollowersHelper.swift */,
				DF6A20AD23B1EF0400949CED /* VideoHelper.swift */,
				DF7D0AC423B83D9A00B33E40 /* DatabaseRepresentation.swift */,
				DFDCA0A423C93D7700240CE7 /* VideoManager.swift */,
			);
			path = Helpers;
			sourceTree = "<group>";
		};
		DF469B7B23790FC100CDB540 /* Chat */ = {
			isa = PBXGroup;
			children = (
				DFDE0814234D248E0017BFDA /* ChannelsViewController.swift */,
				DF21A36C2365597E00E39A55 /* ChatViewController.swift */,
				DFDCA75F237FB53D0045A351 /* CreateGroupViewController.swift */,
				DF0002DC2384B34000654EAC /* ChatInfoViewController.swift */,
			);
			path = Chat;
			sourceTree = "<group>";
		};
		DF469B7C23790FEE00CDB540 /* Discover */ = {
			isa = PBXGroup;
			children = (
				DFEFCABE23F341A400397091 /* Comments */,
				DFDE080D234D23880017BFDA /* DiscoverViewController.swift */,
				DF469B7D237910E400CDB540 /* ProfileViewController.swift */,
				DF7D0ABC23B7104900B33E40 /* ExploreViewController.swift */,
				DF21A43F2365731B00E39A55 /* ResultsTableViewController.swift */,
				DF7D0ABE23B711F500B33E40 /* FollowingViewController.swift */,
				DF7D0ACA23BA3AAF00B33E40 /* PostViewController.swift */,
			);
			path = Discover;
			sourceTree = "<group>";
		};
		DF4BC3E7234D8266001AD00D /* PhotoVideoEditor */ = {
			isa = PBXGroup;
			children = (
				DF4BC3E8234D8266001AD00D /* ColorsCollectionViewDelegate.swift */,
				DF4BC3EA234D8266001AD00D /* ViewGestures.swift */,
				DF4BC3F6234D8266001AD00D /* ColorCollectionViewCell.xib */,
				DF4BC3F8234D8266001AD00D /* Pencil.swift */,
				DF4BC3FE234D8266001AD00D /* UIView+Image.swift */,
				DF4BC3FF234D8266001AD00D /* UIImageExtensions.swift */,
				DF4BC402234D8266001AD00D /* PhotoEditorViewController.swift */,
				DF4BC406234D8266001AD00D /* ColorCollectionViewCell.swift */,
				DF4BC407234D8266001AD00D /* GradientView.swift */,
				DF4BC408234D8266001AD00D /* UIImageViewExtensions.swift */,
				DF4BC40B234D8266001AD00D /* PhotoEditor.storyboard */,
			);
			path = PhotoVideoEditor;
			sourceTree = "<group>";
		};
		DF4BC3ED234D8266001AD00D /* camera */ = {
			isa = PBXGroup;
			children = (
				DF4BC3F2234D8266001AD00D /* ARCameraVC.swift */,
				DFADF6FB2357F23F00383627 /* CameraVC.swift */,
				DF215B042356673700EE67D3 /* Orientation.swift */,
				DF215B052356673700EE67D3 /* PreviewView.swift */,
				DF215B022356673700EE67D3 /* SwiftyCamViewController.swift */,
				DFE792C123B650FF003F2456 /* RecordingButton.swift */,
				DF215B012356673700EE67D3 /* SwiftyCamViewControllerDelegate.swift */,
				DFF084FA23AF3A3F00C4E2FD /* SendToUserViewController.swift */,
			);
			path = camera;
			sourceTree = "<group>";
		};
		DF4F79FF234C239A001D6CE8 = {
			isa = PBXGroup;
			children = (
				DFEE6F3F239BA8E50097EA52 /* Progress-HUD */,
				DF4F7A0A234C239A001D6CE8 /* Pidgin */,
				DF4F7A09234C239A001D6CE8 /* Products */,
				194CD2C9A505A50F8E73B478 /* Pods */,
				DFB5A0E79D32F3E76D98B52F /* Frameworks */,
			);
			sourceTree = "<group>";
		};
		DF4F7A09234C239A001D6CE8 /* Products */ = {
			isa = PBXGroup;
			children = (
				DF4F7A08234C239A001D6CE8 /* Mutuel.app */,
			);
			name = Products;
			sourceTree = "<group>";
		};
		DF4F7A0A234C239A001D6CE8 /* Pidgin */ = {
			isa = PBXGroup;
			children = (
				DFEE6F43239BA9020097EA52 /* Pidgin-Bridging-Header.h */,
				DFEB292A236DB082006FC6BB /* Pidgin.entitlements */,
				DFEFCABF23F38A7900397091 /* Extensions */,
				DF3D2D1F239EE7E000A9286A /* Helpers */,
				DFDE0810234D24230017BFDA /* Model */,
				DFDE0813234D24490017BFDA /* View */,
				DFDE080F234D24010017BFDA /* ViewController */,
				DF086D8023C4191300D3CCA0 /* Fonts */,
				DF4F7A19234C23A3001D6CE8 /* Info.plist */,
				DF95101B2360DBC1006B3B44 /* GoogleService-Info.plist */,
			);
			path = Pidgin;
			sourceTree = "<group>";
		};
		DF9510132360DA70006B3B44 /* Main */ = {
			isa = PBXGroup;
			children = (
				DF469B7C23790FEE00CDB540 /* Discover */,
				DF469B7B23790FC100CDB540 /* Chat */,
				DFDD9EC2234FC556007A3177 /* VirtualFaceContent */,
				DF4BC3ED234D8266001AD00D /* camera */,
				DF4BC3E7234D8266001AD00D /* PhotoVideoEditor */,
				DFDE0816234D292D0017BFDA /* TabBarController.swift */,
				DF469B83237B47B600CDB540 /* FollowersTableViewController.swift */,
				DF3C1A0D2398138000106964 /* HomeViewController.swift */,
			);
			path = Main;
			sourceTree = "<group>";
		};
		DF9510142360DA89006B3B44 /* Login */ = {
			isa = PBXGroup;
			children = (
				DF9510152360DAB4006B3B44 /* LoginViewController.swift */,
				DF9510172360DAC2006B3B44 /* WelcomeViewController.swift */,
				DF70721523C68D3400F00DF0 /* SignUpViewController.swift */,
				DF70721723C695A500F00DF0 /* UsernameViewController.swift */,
				DF5A223623D67F8200BA053F /* ForgotPasswordViewController.swift */,
				DF5A223823D67FBC00BA053F /* PasswordResetEmailViewController.swift */,
			);
			path = Login;
			sourceTree = "<group>";
		};
		DF951038236243E6006B3B44 /* Settings */ = {
			isa = PBXGroup;
			children = (
				DF95103D236244D8006B3B44 /* SettingsTableViewController.swift */,
				DF0002DE2385E0CD00654EAC /* EditProfileViewController.swift */,
				DF661A3B238B12880042B7AD /* WebViewController.swift */,
				DF9E597D23CFEE4D004666DD /* ProfilePicture.swift */,
				DF5A223223D5F35D00BA053F /* ReAuthenticationViewController.swift */,
				DF5A223423D5FAF000BA053F /* ChangePasswordViewController.swift */,
			);
			path = Settings;
			sourceTree = "<group>";
		};
		DFB5A0E79D32F3E76D98B52F /* Frameworks */ = {
			isa = PBXGroup;
			children = (
				890848BD05BB331D25C48BBF /* Pods_Pidgin.framework */,
			);
			name = Frameworks;
			sourceTree = "<group>";
		};
		DFDD9EC2234FC556007A3177 /* VirtualFaceContent */ = {
			isa = PBXGroup;
			children = (
				DFDD9ECC234FDD5D007A3177 /* RemoteFaceFilter.swift */,
				DFDD9ECD234FDD5D007A3177 /* VirtualContentUpdater.swift */,
				DFDD9ECB234FDD5D007A3177 /* VirtualFaceContent.swift */,
			);
			path = VirtualFaceContent;
			sourceTree = "<group>";
		};
		DFDE080F234D24010017BFDA /* ViewController */ = {
			isa = PBXGroup;
			children = (
				DF951038236243E6006B3B44 /* Settings */,
				DF9510142360DA89006B3B44 /* Login */,
				DF9510132360DA70006B3B44 /* Main */,
			);
			path = ViewController;
			sourceTree = "<group>";
		};
		DFDE0810234D24230017BFDA /* Model */ = {
			isa = PBXGroup;
			children = (
				DFEFCACD23F38CDA00397091 /* Custom Classes */,
				DFEFCACC23F38CB900397091 /* Reusable Cells */,
				DF9510112360D945006B3B44 /* Account.swift */,
				DFF346232367A3FC006AA467 /* Channel.swift */,
				DFF346282367AE0D006AA467 /* Message.swift */,
				DF7D0AC223B83ABE00B33E40 /* Post.swift */,
				DF562A3223BE3E9F00CC43D3 /* Comment.swift */,
				DF661AFB23F8CBE3006702C7 /* Relationship.swift */,
			);
			path = Model;
			sourceTree = "<group>";
		};
		DFDE0813234D24490017BFDA /* View */ = {
			isa = PBXGroup;
			children = (
				DFD10ED5234EE72C002616B4 /* AppDelegate.swift */,
				DF4F7A16234C23A3001D6CE8 /* LaunchScreen.storyboard */,
				DF4BC3FB234D8266001AD00D /* Main.storyboard */,
				DF5CCF3A2360D21B005439BB /* Login.storyboard */,
				DF95103B23624402006B3B44 /* Settings.storyboard */,
				DF7D0ABA23B7083500B33E40 /* Discover.storyboard */,
				DF9510292360E06E006B3B44 /* Assets.xcassets */,
			);
			path = View;
			sourceTree = "<group>";
		};
		DFEE6F3F239BA8E50097EA52 /* Progress-HUD */ = {
			isa = PBXGroup;
			children = (
				DFEE6F41239BA8FC0097EA52 /* ProgressHUD.bundle */,
				DFEE6F40239BA8FA0097EA52 /* ProgressHUD.h */,
				DFEE6F42239BA8FF0097EA52 /* ProgressHUD.m */,
			);
			path = "Progress-HUD";
			sourceTree = "<group>";
		};
		DFEFCABE23F341A400397091 /* Comments */ = {
			isa = PBXGroup;
			children = (
				DF73728923C1899D003ED359 /* CommentsViewController.swift */,
				DFEFCABC23F3406F00397091 /* ReplyHeaderViewController.swift */,
				DFF3DBD223DD163200557BC8 /* CommentsSectionViewController.swift */,
			);
			path = Comments;
			sourceTree = "<group>";
		};
		DFEFCABF23F38A7900397091 /* Extensions */ = {
			isa = PBXGroup;
			children = (
				DFEFCAC023F38A9D00397091 /* UIViewController.swift */,
				DFEFCAC223F38B9800397091 /* Character.swift */,
				DFEFCAC423F38BB300397091 /* String.swift */,
				DFEFCAC823F38C5B00397091 /* Date.swift */,
				DF209AC423F701DC00E031DB /* UIView.swift */,
			);
			path = Extensions;
			sourceTree = "<group>";
		};
		DFEFCACC23F38CB900397091 /* Reusable Cells */ = {
			isa = PBXGroup;
			children = (
				DF21A441236578C200E39A55 /* SearchUserTableViewCell.swift */,
				DF7D0AC023B8278E00B33E40 /* ExploreCollectionViewCell.swift */,
				DFDD9EB4234FBC03007A3177 /* SearchCollectionViewCell.swift */,
				DF7D0AC823B9B63900B33E40 /* FollowingCollectionViewCell.swift */,
				DFF3462A2367B002006AA467 /* ChannelTableViewCell.swift */,
				DFF3DBD023DD066F00557BC8 /* CommentsTableViewCell.swift */,
			);
			path = "Reusable Cells";
			sourceTree = "<group>";
		};
		DFEFCACD23F38CDA00397091 /* Custom Classes */ = {
			isa = PBXGroup;
			children = (
				DFC30E0223C7F104000704EC /* PlayerContainerView.swift */,
				DFEFCAC623F38BF700397091 /* BackGradientView.swift */,
				DF9E597F23D14A72004666DD /* VideoIcon.swift */,
				DFEFCACA23F38CB000397091 /* CustomBannerColors.swift */,
			);
			path = "Custom Classes";
			sourceTree = "<group>";
		};
/* End PBXGroup section */

/* Begin PBXNativeTarget section */
		DF4F7A07234C239A001D6CE8 /* Pidgin */ = {
			isa = PBXNativeTarget;
			buildConfigurationList = DF4F7A1C234C23A3001D6CE8 /* Build configuration list for PBXNativeTarget "Pidgin" */;
			buildPhases = (
				6C054E60C2D6B7F66F41B744 /* [CP] Check Pods Manifest.lock */,
				DF4F7A04234C239A001D6CE8 /* Sources */,
				DF4F7A05234C239A001D6CE8 /* Frameworks */,
				DF4F7A06234C239A001D6CE8 /* Resources */,
				1E1743FECD9D002036473B76 /* [CP] Embed Pods Frameworks */,
			);
			buildRules = (
			);
			dependencies = (
			);
			name = Pidgin;
			productName = Pidgin;
			productReference = DF4F7A08234C239A001D6CE8 /* Mutuel.app */;
			productType = "com.apple.product-type.application";
		};
/* End PBXNativeTarget section */

/* Begin PBXProject section */
		DF4F7A00234C239A001D6CE8 /* Project object */ = {
			isa = PBXProject;
			attributes = {
				LastSwiftUpdateCheck = 1100;
				LastUpgradeCheck = 1100;
				ORGANIZATIONNAME = "Atemnkeng Fontem";
				TargetAttributes = {
					DF4F7A07234C239A001D6CE8 = {
						CreatedOnToolsVersion = 11.0;
						LastSwiftMigration = 1120;
					};
				};
			};
			buildConfigurationList = DF4F7A03234C239A001D6CE8 /* Build configuration list for PBXProject "Pidgin" */;
			compatibilityVersion = "Xcode 9.3";
			developmentRegion = en;
			hasScannedForEncodings = 0;
			knownRegions = (
				en,
				Base,
			);
			mainGroup = DF4F79FF234C239A001D6CE8;
			productRefGroup = DF4F7A09234C239A001D6CE8 /* Products */;
			projectDirPath = "";
			projectRoot = "";
			targets = (
				DF4F7A07234C239A001D6CE8 /* Pidgin */,
			);
		};
/* End PBXProject section */

/* Begin PBXResourcesBuildPhase section */
		DF4F7A06234C239A001D6CE8 /* Resources */ = {
			isa = PBXResourcesBuildPhase;
			buildActionMask = 2147483647;
			files = (
				DF4F7A18234C23A3001D6CE8 /* LaunchScreen.storyboard in Resources */,
				DF4BC42C234D8267001AD00D /* PhotoEditor.storyboard in Resources */,
				DFEE6F44239BA9030097EA52 /* ProgressHUD.bundle in Resources */,
				DF086D8423C4197B00D3CCA0 /* FredokaOne-Regular.otf in Resources */,
				DF95102A2360E06E006B3B44 /* Assets.xcassets in Resources */,
				DF7D0ABB23B7083600B33E40 /* Discover.storyboard in Resources */,
				DF4BC419234D8267001AD00D /* ColorCollectionViewCell.xib in Resources */,
				DF95101C2360DBC1006B3B44 /* GoogleService-Info.plist in Resources */,
				DF4BC41D234D8267001AD00D /* Main.storyboard in Resources */,
				DF95103C23624402006B3B44 /* Settings.storyboard in Resources */,
				DF5CCF3B2360D21B005439BB /* Login.storyboard in Resources */,
			);
			runOnlyForDeploymentPostprocessing = 0;
		};
/* End PBXResourcesBuildPhase section */

/* Begin PBXShellScriptBuildPhase section */
		1E1743FECD9D002036473B76 /* [CP] Embed Pods Frameworks */ = {
			isa = PBXShellScriptBuildPhase;
			buildActionMask = 2147483647;
			files = (
			);
			inputFileListPaths = (
				"${PODS_ROOT}/Target Support Files/Pods-Pidgin/Pods-Pidgin-frameworks-${CONFIGURATION}-input-files.xcfilelist",
			);
			name = "[CP] Embed Pods Frameworks";
			outputFileListPaths = (
				"${PODS_ROOT}/Target Support Files/Pods-Pidgin/Pods-Pidgin-frameworks-${CONFIGURATION}-output-files.xcfilelist",
			);
			runOnlyForDeploymentPostprocessing = 0;
			shellPath = /bin/sh;
			shellScript = "\"${PODS_ROOT}/Target Support Files/Pods-Pidgin/Pods-Pidgin-frameworks.sh\"\n";
			showEnvVarsInLog = 0;
		};
		6C054E60C2D6B7F66F41B744 /* [CP] Check Pods Manifest.lock */ = {
			isa = PBXShellScriptBuildPhase;
			buildActionMask = 2147483647;
			files = (
			);
			inputFileListPaths = (
			);
			inputPaths = (
				"${PODS_PODFILE_DIR_PATH}/Podfile.lock",
				"${PODS_ROOT}/Manifest.lock",
			);
			name = "[CP] Check Pods Manifest.lock";
			outputFileListPaths = (
			);
			outputPaths = (
				"$(DERIVED_FILE_DIR)/Pods-Pidgin-checkManifestLockResult.txt",
			);
			runOnlyForDeploymentPostprocessing = 0;
			shellPath = /bin/sh;
			shellScript = "diff \"${PODS_PODFILE_DIR_PATH}/Podfile.lock\" \"${PODS_ROOT}/Manifest.lock\" > /dev/null\nif [ $? != 0 ] ; then\n    # print error to STDERR\n    echo \"error: The sandbox is not in sync with the Podfile.lock. Run 'pod install' or update your CocoaPods installation.\" >&2\n    exit 1\nfi\n# This output is used by Xcode 'outputs' to avoid re-running this script phase.\necho \"SUCCESS\" > \"${SCRIPT_OUTPUT_FILE_0}\"\n";
			showEnvVarsInLog = 0;
		};
/* End PBXShellScriptBuildPhase section */

/* Begin PBXSourcesBuildPhase section */
		DF4F7A04234C239A001D6CE8 /* Sources */ = {
			isa = PBXSourcesBuildPhase;
			buildActionMask = 2147483647;
			files = (
				DF5A223923D67FBC00BA053F /* PasswordResetEmailViewController.swift in Sources */,
				DFDE080E234D23880017BFDA /* DiscoverViewController.swift in Sources */,
				DFEFCACB23F38CB000397091 /* CustomBannerColors.swift in Sources */,
				DF661AFC23F8CBE3006702C7 /* Relationship.swift in Sources */,
				DF215B0B2356673700EE67D3 /* Orientation.swift in Sources */,
				DF9E598023D14A72004666DD /* VideoIcon.swift in Sources */,
				DFF084FB23AF3A3F00C4E2FD /* SendToUserViewController.swift in Sources */,
				DF21A4402365731B00E39A55 /* ResultsTableViewController.swift in Sources */,
				DF5A223723D67F8200BA053F /* ForgotPasswordViewController.swift in Sources */,
				DF9510122360D945006B3B44 /* Account.swift in Sources */,
				DF7D0AC323B83ABE00B33E40 /* Post.swift in Sources */,
				DFEFCAC523F38BB300397091 /* String.swift in Sources */,
				DF0002DD2384B34000654EAC /* ChatInfoViewController.swift in Sources */,
				DF21A442236578C200E39A55 /* SearchUserTableViewCell.swift in Sources */,
				DFEFCAC123F38A9D00397091 /* UIViewController.swift in Sources */,
				DF4BC41B234D8267001AD00D /* Pencil.swift in Sources */,
				DF5A223323D5F35D00BA053F /* ReAuthenticationViewController.swift in Sources */,
				DF4BC420234D8267001AD00D /* UIImageExtensions.swift in Sources */,
				DFF3DBD323DD163200557BC8 /* CommentsSectionViewController.swift in Sources */,
				DF4BC40C234D8267001AD00D /* ColorsCollectionViewDelegate.swift in Sources */,
				DF469B802379FAD300CDB540 /* FollowersHelper.swift in Sources */,
				DFEFCAC923F38C5B00397091 /* Date.swift in Sources */,
				DFDD9ECE234FDD5D007A3177 /* VirtualFaceContent.swift in Sources */,
				DF215B082356673700EE67D3 /* SwiftyCamViewControllerDelegate.swift in Sources */,
				DF4BC427234D8267001AD00D /* ColorCollectionViewCell.swift in Sources */,
				DF0002DF2385E0CD00654EAC /* EditProfileViewController.swift in Sources */,
				DF4BC428234D8267001AD00D /* GradientView.swift in Sources */,
				DF4BC40E234D8267001AD00D /* ViewGestures.swift in Sources */,
				DFDD9ED0234FDD5D007A3177 /* VirtualContentUpdater.swift in Sources */,
				DF70721623C68D3400F00DF0 /* SignUpViewController.swift in Sources */,
				DF73728A23C1899D003ED359 /* CommentsViewController.swift in Sources */,
				DF6A20AE23B1EF0400949CED /* VideoHelper.swift in Sources */,
				DF4BC429234D8267001AD00D /* UIImageViewExtensions.swift in Sources */,
				DFDE0815234D248E0017BFDA /* ChannelsViewController.swift in Sources */,
				DF3C1A0E2398138000106964 /* HomeViewController.swift in Sources */,
				DFEB2929236DAF7C006FC6BB /* PushNotificationManager.swift in Sources */,
				DF4BC41F234D8267001AD00D /* UIView+Image.swift in Sources */,
				DF7D0AC923B9B63900B33E40 /* FollowingCollectionViewCell.swift in Sources */,
				DF7D0AC123B8278E00B33E40 /* ExploreCollectionViewCell.swift in Sources */,
				DFF3462B2367B002006AA467 /* ChannelTableViewCell.swift in Sources */,
				DFEFCABD23F3406F00397091 /* ReplyHeaderViewController.swift in Sources */,
				DFEFCAC323F38B9800397091 /* Character.swift in Sources */,
				DF9510162360DAB4006B3B44 /* LoginViewController.swift in Sources */,
				DF215B0C2356673700EE67D3 /* PreviewView.swift in Sources */,
				DF9510182360DAC2006B3B44 /* WelcomeViewController.swift in Sources */,
				DFC30E0323C7F104000704EC /* PlayerContainerView.swift in Sources */,
				DF469B84237B47B600CDB540 /* FollowersTableViewController.swift in Sources */,
				DFDCA0A523C93D7700240CE7 /* VideoManager.swift in Sources */,
				DF215B092356673700EE67D3 /* SwiftyCamViewController.swift in Sources */,
				DFF3DBD123DD066F00557BC8 /* CommentsTableViewCell.swift in Sources */,
				DF7D0AC523B83D9A00B33E40 /* DatabaseRepresentation.swift in Sources */,
				DF4BC415234D8267001AD00D /* ARCameraVC.swift in Sources */,
				DFF346292367AE0D006AA467 /* Message.swift in Sources */,
				DF7D0ABF23B711F500B33E40 /* FollowingViewController.swift in Sources */,
				DFF346262367A3FF006AA467 /* Channel.swift in Sources */,
				DF95103E236244D8006B3B44 /* SettingsTableViewController.swift in Sources */,
				DFEE6F45239BA9030097EA52 /* ProgressHUD.m in Sources */,
				DFDD9ECF234FDD5D007A3177 /* RemoteFaceFilter.swift in Sources */,
				DFE792C223B65100003F2456 /* RecordingButton.swift in Sources */,
				DF209AC523F701DC00E031DB /* UIView.swift in Sources */,
				DFADF6FC2357F23F00383627 /* CameraVC.swift in Sources */,
				DFEFCAC723F38BF700397091 /* BackGradientView.swift in Sources */,
				DF70721823C695A500F00DF0 /* UsernameViewController.swift in Sources */,
				DF7D0ACB23BA3AAF00B33E40 /* PostViewController.swift in Sources */,
				DFD10ED6234EE72C002616B4 /* AppDelegate.swift in Sources */,
				DF4BC423234D8267001AD00D /* PhotoEditorViewController.swift in Sources */,
				DFDD9EB5234FBC03007A3177 /* SearchCollectionViewCell.swift in Sources */,
				DFDCA760237FB53D0045A351 /* CreateGroupViewController.swift in Sources */,
				DF5A223523D5FAF000BA053F /* ChangePasswordViewController.swift in Sources */,
				DF661A3C238B12880042B7AD /* WebViewController.swift in Sources */,
				DF562A3323BE3E9F00CC43D3 /* Comment.swift in Sources */,
				DF9E597E23CFEE4D004666DD /* ProfilePicture.swift in Sources */,
				DF7D0ABD23B7104900B33E40 /* ExploreViewController.swift in Sources */,
				DF469B7E237910E400CDB540 /* ProfileViewController.swift in Sources */,
				DF21A36D2365597E00E39A55 /* ChatViewController.swift in Sources */,
				DFDE0817234D292D0017BFDA /* TabBarController.swift in Sources */,
			);
			runOnlyForDeploymentPostprocessing = 0;
		};
/* End PBXSourcesBuildPhase section */

/* Begin PBXVariantGroup section */
		DF4BC3FB234D8266001AD00D /* Main.storyboard */ = {
			isa = PBXVariantGroup;
			children = (
				DF4BC3FC234D8266001AD00D /* Base */,
			);
			name = Main.storyboard;
			sourceTree = "<group>";
		};
		DF4F7A16234C23A3001D6CE8 /* LaunchScreen.storyboard */ = {
			isa = PBXVariantGroup;
			children = (
				DF4F7A17234C23A3001D6CE8 /* Base */,
			);
			name = LaunchScreen.storyboard;
			sourceTree = "<group>";
		};
/* End PBXVariantGroup section */

/* Begin XCBuildConfiguration section */
		DF4F7A1A234C23A3001D6CE8 /* Debug */ = {
			isa = XCBuildConfiguration;
			buildSettings = {
				ALWAYS_EMBED_SWIFT_STANDARD_LIBRARIES = NO;
				ALWAYS_SEARCH_USER_PATHS = NO;
				BUILD_LIBRARY_FOR_DISTRIBUTION = NO;
				CLANG_ANALYZER_NONNULL = YES;
				CLANG_ANALYZER_NUMBER_OBJECT_CONVERSION = YES_AGGRESSIVE;
				CLANG_CXX_LANGUAGE_STANDARD = "gnu++14";
				CLANG_CXX_LIBRARY = "libc++";
				CLANG_ENABLE_MODULES = YES;
				CLANG_ENABLE_OBJC_ARC = YES;
				CLANG_ENABLE_OBJC_WEAK = YES;
				CLANG_WARN_BLOCK_CAPTURE_AUTORELEASING = YES;
				CLANG_WARN_BOOL_CONVERSION = YES;
				CLANG_WARN_COMMA = YES;
				CLANG_WARN_CONSTANT_CONVERSION = YES;
				CLANG_WARN_DEPRECATED_OBJC_IMPLEMENTATIONS = YES;
				CLANG_WARN_DIRECT_OBJC_ISA_USAGE = YES_ERROR;
				CLANG_WARN_DOCUMENTATION_COMMENTS = YES;
				CLANG_WARN_EMPTY_BODY = YES;
				CLANG_WARN_ENUM_CONVERSION = YES;
				CLANG_WARN_INFINITE_RECURSION = YES;
				CLANG_WARN_INT_CONVERSION = YES;
				CLANG_WARN_NON_LITERAL_NULL_CONVERSION = YES;
				CLANG_WARN_OBJC_IMPLICIT_RETAIN_SELF = YES;
				CLANG_WARN_OBJC_LITERAL_CONVERSION = YES;
				CLANG_WARN_OBJC_ROOT_CLASS = YES_ERROR;
				CLANG_WARN_RANGE_LOOP_ANALYSIS = YES;
				CLANG_WARN_STRICT_PROTOTYPES = YES;
				CLANG_WARN_SUSPICIOUS_MOVE = YES;
				CLANG_WARN_UNGUARDED_AVAILABILITY = YES_AGGRESSIVE;
				CLANG_WARN_UNREACHABLE_CODE = YES;
				CLANG_WARN__DUPLICATE_METHOD_MATCH = YES;
				COPY_PHASE_STRIP = NO;
				DEBUG_INFORMATION_FORMAT = dwarf;
				ENABLE_STRICT_OBJC_MSGSEND = YES;
				ENABLE_TESTABILITY = YES;
				GCC_C_LANGUAGE_STANDARD = gnu11;
				GCC_DYNAMIC_NO_PIC = NO;
				GCC_NO_COMMON_BLOCKS = YES;
				GCC_OPTIMIZATION_LEVEL = 0;
				GCC_PREPROCESSOR_DEFINITIONS = (
					"DEBUG=1",
					"$(inherited)",
				);
				GCC_WARN_64_TO_32_BIT_CONVERSION = YES;
				GCC_WARN_ABOUT_RETURN_TYPE = YES_ERROR;
				GCC_WARN_UNDECLARED_SELECTOR = YES;
				GCC_WARN_UNINITIALIZED_AUTOS = YES_AGGRESSIVE;
				GCC_WARN_UNUSED_FUNCTION = YES;
				GCC_WARN_UNUSED_VARIABLE = YES;
				IPHONEOS_DEPLOYMENT_TARGET = 13.0;
				MTL_ENABLE_DEBUG_INFO = INCLUDE_SOURCE;
				MTL_FAST_MATH = YES;
				ONLY_ACTIVE_ARCH = YES;
				OTHER_SWIFT_FLAGS = "";
				SDKROOT = iphoneos;
				SWIFT_ACTIVE_COMPILATION_CONDITIONS = DEBUG;
				SWIFT_OPTIMIZATION_LEVEL = "-Onone";
				test = "-DUSE_ARKIT";
			};
			name = Debug;
		};
		DF4F7A1B234C23A3001D6CE8 /* Release */ = {
			isa = XCBuildConfiguration;
			buildSettings = {
				ALWAYS_EMBED_SWIFT_STANDARD_LIBRARIES = NO;
				ALWAYS_SEARCH_USER_PATHS = NO;
				BUILD_LIBRARY_FOR_DISTRIBUTION = NO;
				CLANG_ANALYZER_NONNULL = YES;
				CLANG_ANALYZER_NUMBER_OBJECT_CONVERSION = YES_AGGRESSIVE;
				CLANG_CXX_LANGUAGE_STANDARD = "gnu++14";
				CLANG_CXX_LIBRARY = "libc++";
				CLANG_ENABLE_MODULES = YES;
				CLANG_ENABLE_OBJC_ARC = YES;
				CLANG_ENABLE_OBJC_WEAK = YES;
				CLANG_WARN_BLOCK_CAPTURE_AUTORELEASING = YES;
				CLANG_WARN_BOOL_CONVERSION = YES;
				CLANG_WARN_COMMA = YES;
				CLANG_WARN_CONSTANT_CONVERSION = YES;
				CLANG_WARN_DEPRECATED_OBJC_IMPLEMENTATIONS = YES;
				CLANG_WARN_DIRECT_OBJC_ISA_USAGE = YES_ERROR;
				CLANG_WARN_DOCUMENTATION_COMMENTS = YES;
				CLANG_WARN_EMPTY_BODY = YES;
				CLANG_WARN_ENUM_CONVERSION = YES;
				CLANG_WARN_INFINITE_RECURSION = YES;
				CLANG_WARN_INT_CONVERSION = YES;
				CLANG_WARN_NON_LITERAL_NULL_CONVERSION = YES;
				CLANG_WARN_OBJC_IMPLICIT_RETAIN_SELF = YES;
				CLANG_WARN_OBJC_LITERAL_CONVERSION = YES;
				CLANG_WARN_OBJC_ROOT_CLASS = YES_ERROR;
				CLANG_WARN_RANGE_LOOP_ANALYSIS = YES;
				CLANG_WARN_STRICT_PROTOTYPES = YES;
				CLANG_WARN_SUSPICIOUS_MOVE = YES;
				CLANG_WARN_UNGUARDED_AVAILABILITY = YES_AGGRESSIVE;
				CLANG_WARN_UNREACHABLE_CODE = YES;
				CLANG_WARN__DUPLICATE_METHOD_MATCH = YES;
				COPY_PHASE_STRIP = NO;
				DEBUG_INFORMATION_FORMAT = "dwarf-with-dsym";
				ENABLE_NS_ASSERTIONS = NO;
				ENABLE_STRICT_OBJC_MSGSEND = YES;
				GCC_C_LANGUAGE_STANDARD = gnu11;
				GCC_NO_COMMON_BLOCKS = YES;
				GCC_WARN_64_TO_32_BIT_CONVERSION = YES;
				GCC_WARN_ABOUT_RETURN_TYPE = YES_ERROR;
				GCC_WARN_UNDECLARED_SELECTOR = YES;
				GCC_WARN_UNINITIALIZED_AUTOS = YES_AGGRESSIVE;
				GCC_WARN_UNUSED_FUNCTION = YES;
				GCC_WARN_UNUSED_VARIABLE = YES;
				IPHONEOS_DEPLOYMENT_TARGET = 13.0;
				MTL_ENABLE_DEBUG_INFO = NO;
				MTL_FAST_MATH = YES;
				OTHER_SWIFT_FLAGS = "";
				SDKROOT = iphoneos;
				SWIFT_COMPILATION_MODE = wholemodule;
				SWIFT_OPTIMIZATION_LEVEL = "-O";
				VALIDATE_PRODUCT = YES;
				test = "-DUSE_ARKIT";
			};
			name = Release;
		};
		DF4F7A1D234C23A3001D6CE8 /* Debug */ = {
			isa = XCBuildConfiguration;
			baseConfigurationReference = 975932F6AC981DA2C7602780 /* Pods-Pidgin.debug.xcconfig */;
			buildSettings = {
				ALWAYS_EMBED_SWIFT_STANDARD_LIBRARIES = NO;
				ASSETCATALOG_COMPILER_APPICON_NAME = AppIcon;
				BUILD_LIBRARY_FOR_DISTRIBUTION = NO;
				CLANG_ENABLE_MODULES = YES;
				CODE_SIGN_ENTITLEMENTS = Pidgin/Pidgin.entitlements;
				CODE_SIGN_STYLE = Automatic;
				CURRENT_PROJECT_VERSION = 3;
				DEVELOPMENT_TEAM = 6P8ZRP65P6;
				INFOPLIST_FILE = Pidgin/Info.plist;
				IPHONEOS_DEPLOYMENT_TARGET = 13.0;
				LD_RUNPATH_SEARCH_PATHS = (
					"$(inherited)",
					"@executable_path/Frameworks",
				);
				OTHER_SWIFT_FLAGS = "";
				PRODUCT_BUNDLE_IDENTIFIER = com.AtemnkengFontem.Pidgin;
				PRODUCT_NAME = Mutuel;
				SWIFT_OBJC_BRIDGING_HEADER = "Pidgin/Pidgin-Bridging-Header.h";
				SWIFT_OPTIMIZATION_LEVEL = "-Onone";
				SWIFT_VERSION = 5.0;
				TARGETED_DEVICE_FAMILY = "1,2";
			};
			name = Debug;
		};
		DF4F7A1E234C23A3001D6CE8 /* Release */ = {
			isa = XCBuildConfiguration;
			baseConfigurationReference = 7D0CEA3B5CC250732F49DF24 /* Pods-Pidgin.release.xcconfig */;
			buildSettings = {
				ALWAYS_EMBED_SWIFT_STANDARD_LIBRARIES = NO;
				ASSETCATALOG_COMPILER_APPICON_NAME = AppIcon;
				BUILD_LIBRARY_FOR_DISTRIBUTION = NO;
				CLANG_ENABLE_MODULES = YES;
				CODE_SIGN_ENTITLEMENTS = Pidgin/Pidgin.entitlements;
				CODE_SIGN_STYLE = Automatic;
				CURRENT_PROJECT_VERSION = 3;
				DEVELOPMENT_TEAM = 6P8ZRP65P6;
				INFOPLIST_FILE = Pidgin/Info.plist;
				IPHONEOS_DEPLOYMENT_TARGET = 13.0;
				LD_RUNPATH_SEARCH_PATHS = (
					"$(inherited)",
					"@executable_path/Frameworks",
				);
				OTHER_SWIFT_FLAGS = "";
				PRODUCT_BUNDLE_IDENTIFIER = com.AtemnkengFontem.Pidgin;
				PRODUCT_NAME = Mutuel;
				SWIFT_OBJC_BRIDGING_HEADER = "Pidgin/Pidgin-Bridging-Header.h";
				SWIFT_VERSION = 5.0;
				TARGETED_DEVICE_FAMILY = "1,2";
			};
			name = Release;
		};
/* End XCBuildConfiguration section */

/* Begin XCConfigurationList section */
		DF4F7A03234C239A001D6CE8 /* Build configuration list for PBXProject "Pidgin" */ = {
			isa = XCConfigurationList;
			buildConfigurations = (
				DF4F7A1A234C23A3001D6CE8 /* Debug */,
				DF4F7A1B234C23A3001D6CE8 /* Release */,
			);
			defaultConfigurationIsVisible = 0;
			defaultConfigurationName = Release;
		};
		DF4F7A1C234C23A3001D6CE8 /* Build configuration list for PBXNativeTarget "Pidgin" */ = {
			isa = XCConfigurationList;
			buildConfigurations = (
				DF4F7A1D234C23A3001D6CE8 /* Debug */,
				DF4F7A1E234C23A3001D6CE8 /* Release */,
			);
			defaultConfigurationIsVisible = 0;
			defaultConfigurationName = Release;
		};
/* End XCConfigurationList section */
	};
	rootObject = DF4F7A00234C239A001D6CE8 /* Project object */;
}
